
Microsoft Visual Studio Solution File, Format Version 12.00
# Visual Studio Version 17
VisualStudioVersion = 17.11.35327.3
MinimumVisualStudioVersion = 10.0.40219.1
Project("{9A19103F-16F7-4668-BE54-9A1E7A4F7556}") = "DVDStore", "DVDStore\DVDStore.csproj", "{7EB87341-0422-41A1-8BCA-B495C230EAE2}"
EndProject
Project("{FAE04EC0-301F-11D3-BF4B-00C04F79EFBC}") = "DVDStore_RazorPages", "DVDStore_RazorPages\DVDStore_RazorPages.csproj", "{9094D72D-3DB9-49C6-9333-03B1CE69131D}"
EndProject
Global
	GlobalSection(SolutionConfigurationPlatforms) = preSolution
		Debug|Any CPU = Debug|Any CPU
		Release|Any CPU = Release|Any CPU
	EndGlobalSection
	GlobalSection(ProjectConfigurationPlatforms) = postSolution
		{7EB87341-0422-41A1-8BCA-B495C230EAE2}.Debug|Any CPU.ActiveCfg = Debug|Any CPU
		{7EB87341-0422-41A1-8BCA-B495C230EAE2}.Debug|Any CPU.Build.0 = Debug|Any CPU
		{7EB87341-0422-41A1-8BCA-B495C230EAE2}.Release|Any CPU.ActiveCfg = Release|Any CPU
		{7EB87341-0422-41A1-8BCA-B495C230EAE2}.Release|Any CPU.Build.0 = Release|Any CPU
		{9094D72D-3DB9-49C6-9333-03B1CE69131D}.Debug|Any CPU.ActiveCfg = Debug|Any CPU
		{9094D72D-3DB9-49C6-9333-03B1CE69131D}.Debug|Any CPU.Build.0 = Debug|Any CPU
		{9094D72D-3DB9-49C6-9333-03B1CE69131D}.Release|Any CPU.ActiveCfg = Release|Any CPU
		{9094D72D-3DB9-49C6-9333-03B1CE69131D}.Release|Any CPU.Build.0 = Release|Any CPU
	EndGlobalSection
	GlobalSection(SolutionProperties) = preSolution
		HideSolutionNode = FALSE
	EndGlobalSection
	GlobalSection(ExtensibilityGlobals) = postSolution
		SolutionGuid = {10F90F31-E505-401D-B0D8-2C56646145F6}
	EndGlobalSection
EndGlobal
